
Microsoft Visual Studio Solution File, Format Version 15.00
# Visual Studio 15
VisualStudioVersion = 15.0.26430.16
MinimumVisualStudioVersion = 10.0.40219.1
Project("{FAE04EC0-301F-11D3-BF4B-00C04F79EFBC}") = "FluiTec.DatevSharp", "FluiTec.DatevSharp\FluiTec.DatevSharp.csproj", "{F2112277-A274-4BFD-8BCE-B815C34DCD85}"
EndProject
Project("{FAE04EC0-301F-11D3-BF4B-00C04F79EFBC}") = "FluiTec.DatevSharp.CoreConsoleSample", "FluiTec.DatevSharp.CoreConsoleSample\FluiTec.DatevSharp.CoreConsoleSample.csproj", "{26A19FB8-BF1B-414C-95D9-2B1B7EA8F1AF}"
EndProject
Global
	GlobalSection(SolutionConfigurationPlatforms) = preSolution
		Debug|Any CPU = Debug|Any CPU
		Release|Any CPU = Release|Any CPU
	EndGlobalSection
	GlobalSection(ProjectConfigurationPlatforms) = postSolution
		{F2112277-A274-4BFD-8BCE-B815C34DCD85}.Debug|Any CPU.ActiveCfg = Debug|Any CPU
		{F2112277-A274-4BFD-8BCE-B815C34DCD85}.Debug|Any CPU.Build.0 = Debug|Any CPU
		{F2112277-A274-4BFD-8BCE-B815C34DCD85}.Release|Any CPU.ActiveCfg = Release|Any CPU
		{F2112277-A274-4BFD-8BCE-B815C34DCD85}.Release|Any CPU.Build.0 = Release|Any CPU
		{26A19FB8-BF1B-414C-95D9-2B1B7EA8F1AF}.Debug|Any CPU.ActiveCfg = Debug|Any CPU
		{26A19FB8-BF1B-414C-95D9-2B1B7EA8F1AF}.Debug|Any CPU.Build.0 = Debug|Any CPU
		{26A19FB8-BF1B-414C-95D9-2B1B7EA8F1AF}.Release|Any CPU.ActiveCfg = Release|Any CPU
		{26A19FB8-BF1B-414C-95D9-2B1B7EA8F1AF}.Release|Any CPU.Build.0 = Release|Any CPU
	EndGlobalSection
	GlobalSection(SolutionProperties) = preSolution
		HideSolutionNode = FALSE
	EndGlobalSection
	GlobalSection(ExtensibilityGlobals) = postSolution
		SolutionGuid = {BFAE6A80-0959-499D-B40F-05DB56BCA946}
	EndGlobalSection
EndGlobal
