
Microsoft Visual Studio Solution File, Format Version 12.00
# Visual Studio Version 17
VisualStudioVersion = 17.0.32126.317
MinimumVisualStudioVersion = 10.0.40219.1
Project("{9A19103F-16F7-4668-BE54-9A1E7A4F7556}") = "FluiTec.DatevSharp", "FluiTec.DatevSharp\FluiTec.DatevSharp.csproj", "{F2112277-A274-4BFD-8BCE-B815C34DCD85}"
EndProject
Project("{9A19103F-16F7-4668-BE54-9A1E7A4F7556}") = "FluiTec.DatevSharp.CoreConsoleSample", "FluiTec.DatevSharp.CoreConsoleSample\FluiTec.DatevSharp.CoreConsoleSample.csproj", "{26A19FB8-BF1B-414C-95D9-2B1B7EA8F1AF}"
EndProject
Project("{FAE04EC0-301F-11D3-BF4B-00C04F79EFBC}") = "FluiTec.DatevSharp.Tests", "FluiTec.DatevSharp.Tests\FluiTec.DatevSharp.Tests.csproj", "{47793243-9ED5-48C6-99CD-41B3363C5380}"
EndProject
Global
	GlobalSection(SolutionConfigurationPlatforms) = preSolution
		Debug|Any CPU = Debug|Any CPU
		Release|Any CPU = Release|Any CPU
	EndGlobalSection
	GlobalSection(ProjectConfigurationPlatforms) = postSolution
		{F2112277-A274-4BFD-8BCE-B815C34DCD85}.Debug|Any CPU.ActiveCfg = Debug|Any CPU
		{F2112277-A274-4BFD-8BCE-B815C34DCD85}.Debug|Any CPU.Build.0 = Debug|Any CPU
		{F2112277-A274-4BFD-8BCE-B815C34DCD85}.Release|Any CPU.ActiveCfg = Release|Any CPU
		{F2112277-A274-4BFD-8BCE-B815C34DCD85}.Release|Any CPU.Build.0 = Release|Any CPU
		{26A19FB8-BF1B-414C-95D9-2B1B7EA8F1AF}.Debug|Any CPU.ActiveCfg = Debug|Any CPU
		{26A19FB8-BF1B-414C-95D9-2B1B7EA8F1AF}.Debug|Any CPU.Build.0 = Debug|Any CPU
		{26A19FB8-BF1B-414C-95D9-2B1B7EA8F1AF}.Release|Any CPU.ActiveCfg = Release|Any CPU
		{26A19FB8-BF1B-414C-95D9-2B1B7EA8F1AF}.Release|Any CPU.Build.0 = Release|Any CPU
		{47793243-9ED5-48C6-99CD-41B3363C5380}.Debug|Any CPU.ActiveCfg = Debug|Any CPU
		{47793243-9ED5-48C6-99CD-41B3363C5380}.Debug|Any CPU.Build.0 = Debug|Any CPU
		{47793243-9ED5-48C6-99CD-41B3363C5380}.Release|Any CPU.ActiveCfg = Release|Any CPU
		{47793243-9ED5-48C6-99CD-41B3363C5380}.Release|Any CPU.Build.0 = Release|Any CPU
	EndGlobalSection
	GlobalSection(SolutionProperties) = preSolution
		HideSolutionNode = FALSE
	EndGlobalSection
	GlobalSection(ExtensibilityGlobals) = postSolution
		SolutionGuid = {BFAE6A80-0959-499D-B40F-05DB56BCA946}
	EndGlobalSection
EndGlobal
